hash: 0062a3345ba34dbaf0a6ce0300eee337d0d1abcc7c7ec914ca7bea3ea7952e51
updated: 2016-08-19T12:59:16.61807735+07:00
imports:
- name: cloud.google.com/go
  version: e977e3911f5ba211c715d40c30fc81abfa9400ae
  subpackages:
  - storage
  - compute/metadata
  - internal
- name: github.com/golang/protobuf
  version: f592bd283e9ef86337a432eb50e592278c3d534d
  subpackages:
  - proto
- name: github.com/nfnt/resize
  version: 891127d8d1b52734debe1b3c3d7e747502b6c366
- name: golang.org/x/image
  version: 9f8d0d45877da31f672995d10677ae6a586e31a5
  subpackages:
  - tiff
  - tiff/lzw
- name: golang.org/x/net
  version: 07b51741c1d6423d4a6abab1c49940ec09cb1aaf
  subpackages:
  - context
  - context/ctxhttp
  - http2
  - trace
  - http2/hpack
  - lex/httplex
  - internal/timeseries
- name: golang.org/x/oauth2
  version: 3b966c7f301c0c71c53d94dc632a62df0a682cd7
  subpackages:
  - google
  - internal
  - jws
  - jwt
- name: google.golang.org/api
  version: 71d10c782fc13eb9f2e2c9af553da218c941851f
  subpackages:
  - googleapi
  - option
  - storage/v1
  - transport
  - googleapi/internal/uritemplates
  - internal
  - gensupport
- name: google.golang.org/appengine
  version: e951d3868b377b14f4e60efa3a301532ee3c1ebf
  subpackages:
  - socket
  - urlfetch
  - internal
  - internal/socket
  - internal/urlfetch
  - internal/app_identity
  - internal/modules
  - internal/base
  - internal/datastore
  - internal/log
  - internal/remote_api
- name: google.golang.org/grpc
  version: 231b4cfea0e79843053a33f5fe90bd4d84b23cd3
  subpackages:
  - credentials
  - credentials/oauth
  - naming
  - codes
  - grpclog
  - internal
  - metadata
  - transport
  - peer
devImports: []
